<?xml version="1.0" encoding="utf-8"?>
<Project ToolsVersion="4.0" xmlns="http://schemas.microsoft.com/developer/msbuild/2003">
  <ItemGroup>
    <Filter Include="Source Files">
      <UniqueIdentifier>{4FC737F1-C7A5-4376-A066-2A32D752A2FF}</UniqueIdentifier>
      <Extensions>cpp;c;cc;cxx;def;odl;idl;hpj;bat;asm;asmx</Extensions>
    </Filter>
    <Filter Include="Header Files">
      <UniqueIdentifier>{93995380-89BD-4b04-88EB-625FBE52EBFB}</UniqueIdentifier>
      <Extensions>h;hh;hpp;hxx;hm;inl;inc;xsd</Extensions>
    </Filter>
    <Filter Include="Resource Files">
      <UniqueIdentifier>{67DA6AB6-F800-4c08-8B7A-83BB121AAD01}</UniqueIdentifier>
      <Extensions>rc;ico;cur;bmp;dlg;rc2;rct;bin;rgs;gif;jpg;jpeg;jpe;resx;tiff;tif;png;wav;mfcribbon-ms</Extensions>
    </Filter>
  </ItemGroup>
  <ItemGroup>
    <ClCompile Include="AppMain.cpp">
      <Filter>Source Files</Filter>
    </ClCompile>
    <ClCompile Include="Main.cpp">
      <Filter>Source Files</Filter>
    </ClCompile>
    <ClCompile Include="shaders\scene\SceneShader.cpp">
      <Filter>Source Files</Filter>
    </ClCompile>
    <ClCompile Include="Transform.cpp">
      <Filter>Source Files</Filter>
    </ClCompile>
    <ClCompile Include="scene\ModelData.cpp">
      <Filter>Source Files</Filter>
    </ClCompile>
    <ClCompile Include="scene\LightData.cpp">
      <Filter>Source Files</Filter>
    </ClCompile>
    <ClCompile Include="scene\CameraController.cpp">
      <Filter>Source Files</Filter>
    </ClCompile>
    <ClCompile Include="scene\Camera.cpp">
      <Filter>Source Files</Filter>
    </ClCompile>
    <ClCompile Include="gui\DirectXWidgets.cpp">
      <Filter>Source Files</Filter>
    </ClCompile>
    <ClCompile Include="gui\TransformWidgets.cpp">
      <Filter>Source Files</Filter>
    </ClCompile>
    <ClCompile Include="system\AppManager.cpp">
      <Filter>Source Files</Filter>
    </ClCompile>
    <ClCompile Include="system\IApp.cpp">
      <Filter>Source Files</Filter>
    </ClCompile>
    <ClCompile Include="gui\ImGuiDebugRenderer.cpp">
      <Filter>Source Files</Filter>
    </ClCompile>
    <ClCompile Include="gui\DebugDrawables.cpp">
      <Filter>Source Files</Filter>
    </ClCompile>
    <ClCompile Include="gui\ConversionFunctions.cpp">
      <Filter>Source Files</Filter>
    </ClCompile>
    <ClCompile Include="util\WideStringUtils.cpp">
      <Filter>Source Files</Filter>
    </ClCompile>
    <ClCompile Include="scene\OrthoCamera.cpp">
      <Filter>Source Files</Filter>
    </ClCompile>
    <ClCompile Include="shaders\post\PostprocessingShader.cpp">
      <Filter>Source Files</Filter>
    </ClCompile>
    <ClCompile Include="system\RenderTarget.cpp">
      <Filter>Source Files</Filter>
    </ClCompile>
    <ClCompile Include="system\Renderer.cpp">
      <Filter>Source Files</Filter>
    </ClCompile>
    <ClCompile Include="system\DeviceContextDependent.cpp">
      <Filter>Source Files</Filter>
    </ClCompile>
    <ClCompile Include="geometry\PlaneMesh.cpp">
      <Filter>Source Files</Filter>
    </ClCompile>
    <ClCompile Include="geometry\PointMesh.cpp">
      <Filter>Source Files</Filter>
    </ClCompile>
    <ClCompile Include="geometry\QuadMesh.cpp">
      <Filter>Source Files</Filter>
    </ClCompile>
    <ClCompile Include="geometry\BaseMesh.cpp">
      <Filter>Source Files</Filter>
    </ClCompile>
    <ClCompile Include="geometry\CubeMesh.cpp">
      <Filter>Source Files</Filter>
    </ClCompile>
    <ClCompile Include="geometry\TessellationMesh.cpp">
      <Filter>Source Files</Filter>
    </ClCompile>
    <ClCompile Include="geometry\TriangleMesh.cpp">
      <Filter>Source Files</Filter>
    </ClCompile>
    <ClCompile Include="geometry\Model.cpp">
      <Filter>Source Files</Filter>
    </ClCompile>
    <ClCompile Include="geometry\SphereMesh.cpp">
      <Filter>Source Files</Filter>
    </ClCompile>
    <ClCompile Include="geometry\AModel.cpp">
      <Filter>Source Files</Filter>
    </ClCompile>
    <ClCompile Include="TextureManager.cpp">
      <Filter>Source Files</Filter>
    </ClCompile>
    <ClCompile Include="system\Timer.cpp">
      <Filter>Source Files</Filter>
    </ClCompile>
    <ClCompile Include="shaders\BaseShader.cpp">
      <Filter>Source Files</Filter>
    </ClCompile>
    <ClCompile Include="shaders\post\DirectionalBlurShader.cpp">
      <Filter>Source Files</Filter>
    </ClCompile>
    <ClCompile Include="shaders\ShaderInterfaces.cpp">
      <Filter>Source Files</Filter>
    </ClCompile>
  </ItemGroup>
  <ItemGroup>
    <ClInclude Include="AppMain.h">
      <Filter>Header Files</Filter>
    </ClInclude>
    <ClInclude Include="shaders\scene\SceneShader.h">
      <Filter>Header Files</Filter>
    </ClInclude>
    <ClInclude Include="Transform.h">
      <Filter>Header Files</Filter>
    </ClInclude>
    <ClInclude Include="scene\ModelData.h">
      <Filter>Header Files</Filter>
    </ClInclude>
    <ClInclude Include="scene\LightData.h">
      <Filter>Header Files</Filter>
    </ClInclude>
    <ClInclude Include="scene\CameraController.h">
      <Filter>Header Files</Filter>
    </ClInclude>
    <ClInclude Include="scene\Camera.h">
      <Filter>Header Files</Filter>
    </ClInclude>
    <ClInclude Include="gui\DirectXWidgets.h">
      <Filter>Header Files</Filter>
    </ClInclude>
    <ClInclude Include="gui\TransformWidgets.h">
      <Filter>Header Files</Filter>
    </ClInclude>
    <ClInclude Include="system\AppManager.h">
      <Filter>Header Files</Filter>
    </ClInclude>
    <ClInclude Include="system\IApp.h">
      <Filter>Header Files</Filter>
    </ClInclude>
    <ClInclude Include="gui\ImGuiDebugRenderer.h">
      <Filter>Header Files</Filter>
    </ClInclude>
    <ClInclude Include="gui\DebugDrawables.h">
      <Filter>Header Files</Filter>
    </ClInclude>
    <ClInclude Include="gui\ConversionFunctions.h">
      <Filter>Header Files</Filter>
    </ClInclude>
    <ClInclude Include="util\WideStringUtils.h">
      <Filter>Header Files</Filter>
    </ClInclude>
    <ClInclude Include="scene\OrthoCamera.h">
      <Filter>Header Files</Filter>
    </ClInclude>
    <ClInclude Include="shaders\post\PostprocessingShader.h">
      <Filter>Header Files</Filter>
    </ClInclude>
    <ClInclude Include="system\RenderTarget.h">
      <Filter>Header Files</Filter>
    </ClInclude>
    <ClInclude Include="system\Renderer.h">
      <Filter>Header Files</Filter>
    </ClInclude>
    <ClInclude Include="system\UniqueResource.h">
      <Filter>Header Files</Filter>
    </ClInclude>
    <ClInclude Include="system\DeviceContextDependent.h">
      <Filter>Header Files</Filter>
    </ClInclude>
    <ClInclude Include="geometry\PlaneMesh.h">
      <Filter>Header Files</Filter>
    </ClInclude>
    <ClInclude Include="geometry\PointMesh.h">
      <Filter>Header Files</Filter>
    </ClInclude>
    <ClInclude Include="geometry\QuadMesh.h">
      <Filter>Header Files</Filter>
    </ClInclude>
    <ClInclude Include="geometry\BaseMesh.h">
      <Filter>Header Files</Filter>
    </ClInclude>
    <ClInclude Include="geometry\CubeMesh.h">
      <Filter>Header Files</Filter>
    </ClInclude>
    <ClInclude Include="geometry\TessellationMesh.h">
      <Filter>Header Files</Filter>
    </ClInclude>
    <ClInclude Include="geometry\TriangleMesh.h">
      <Filter>Header Files</Filter>
    </ClInclude>
    <ClInclude Include="geometry\Model.h">
      <Filter>Header Files</Filter>
    </ClInclude>
    <ClInclude Include="geometry\SphereMesh.h">
      <Filter>Header Files</Filter>
    </ClInclude>
    <ClInclude Include="geometry\AModel.h">
      <Filter>Header Files</Filter>
    </ClInclude>
    <ClInclude Include="TextureManager.h">
      <Filter>Header Files</Filter>
    </ClInclude>
    <ClInclude Include="system\Timer.h">
      <Filter>Header Files</Filter>
    </ClInclude>
    <ClInclude Include="shaders\BaseShader.h">
      <Filter>Header Files</Filter>
    </ClInclude>
    <ClInclude Include="shaders\post\DirectionalBlurShader.h">
      <Filter>Header Files</Filter>
    </ClInclude>
    <ClInclude Include="shaders\ShaderInterfaces.h">
      <Filter>Header Files</Filter>
    </ClInclude>
    <ClInclude Include="util\TypeIndexUtil.h">
      <Filter>Header Files</Filter>
    </ClInclude>
  </ItemGroup>
  <ItemGroup>
    <FxCompile Include="shaders\scene\light_ps.hlsl">
      <Filter>Resource Files</Filter>
    </FxCompile>
    <FxCompile Include="shaders\scene\light_vs.hlsl">
      <Filter>Resource Files</Filter>
    </FxCompile>
    <FxCompile Include="shaders\scene\default_ps.hlsl" />
    <FxCompile Include="shaders\scene\default_vs.hlsl" />
    <FxCompile Include="shaders\post\default_post.hlsl" />
    <FxCompile Include="shaders\post\greyscale_post.hlsl" />
    <FxCompile Include="shaders\post\postprocessing_vs.hlsl" />
    <FxCompile Include="shaders\post\directionalBlur_post.hlsl" />
    <FxCompile Include="shaders\include\gamma_lib.hlsl" />
  </ItemGroup>
</Project>